// !$*UTF8*$!
{
	archiveVersion = 1;
	classes = {
	};
	objectVersion = 56;
	objects = {

/* Begin PBXBuildFile section */
		AC646306292A683E009930C6 /* FirstTrickViewController.swift in Sources */ = {isa = PBXBuildFile; fileRef = AC646305292A683E009930C6 /* FirstTrickViewController.swift */; };
		AC646308292A685A009930C6 /* FirstTrickResultViewController.swift in Sources */ = {isa = PBXBuildFile; fileRef = AC646307292A685A009930C6 /* FirstTrickResultViewController.swift */; };
		AC64630A292A6869009930C6 /* Questions.swift in Sources */ = {isa = PBXBuildFile; fileRef = AC646309292A6869009930C6 /* Questions.swift */; };
		AC64630C292A81CE009930C6 /* MagicTricksViewController.swift in Sources */ = {isa = PBXBuildFile; fileRef = AC64630B292A81CE009930C6 /* MagicTricksViewController.swift */; };
		AC85B0C2292BF1270040474B /* Gif.swift in Sources */ = {isa = PBXBuildFile; fileRef = AC85B0C1292BF1270040474B /* Gif.swift */; };
		AC85B0C6292BF2120040474B /* PredictBallViewController.swift in Sources */ = {isa = PBXBuildFile; fileRef = AC85B0C5292BF2120040474B /* PredictBallViewController.swift */; };
		AC85B0C8292BF4380040474B /* ball.gif in Resources */ = {isa = PBXBuildFile; fileRef = AC85B0C7292BF4380040474B /* ball.gif */; };
		AC976E47292A27360004E93F /* AppDelegate.swift in Sources */ = {isa = PBXBuildFile; fileRef = AC976E46292A27360004E93F /* AppDelegate.swift */; };
		AC976E49292A27360004E93F /* SceneDelegate.swift in Sources */ = {isa = PBXBuildFile; fileRef = AC976E48292A27360004E93F /* SceneDelegate.swift */; };
		AC976E4B292A27360004E93F /* StartViewController.swift in Sources */ = {isa = PBXBuildFile; fileRef = AC976E4A292A27360004E93F /* StartViewController.swift */; };
		AC976E4E292A27360004E93F /* Main.storyboard in Resources */ = {isa = PBXBuildFile; fileRef = AC976E4C292A27360004E93F /* Main.storyboard */; };
		AC976E50292A27380004E93F /* Assets.xcassets in Resources */ = {isa = PBXBuildFile; fileRef = AC976E4F292A27380004E93F /* Assets.xcassets */; };
		AC976E53292A27380004E93F /* LaunchScreen.storyboard in Resources */ = {isa = PBXBuildFile; fileRef = AC976E51292A27380004E93F /* LaunchScreen.storyboard */; };
		AC976E5B292A33B00004E93F /* LoginViewController.swift in Sources */ = {isa = PBXBuildFile; fileRef = AC976E5A292A33B00004E93F /* LoginViewController.swift */; };
		AC976E5D292A33FB0004E93F /* WelcomeViewController.swift in Sources */ = {isa = PBXBuildFile; fileRef = AC976E5C292A33FB0004E93F /* WelcomeViewController.swift */; };
		AC976E5F292A34A00004E93F /* User.swift in Sources */ = {isa = PBXBuildFile; fileRef = AC976E5E292A34A00004E93F /* User.swift */; };
		AC976E61292A34E70004E93F /* InformationViewController.swift in Sources */ = {isa = PBXBuildFile; fileRef = AC976E60292A34E70004E93F /* InformationViewController.swift */; };
		ACF05F64292BFF14006043B5 /* Predict.swift in Sources */ = {isa = PBXBuildFile; fileRef = ACF05F63292BFF14006043B5 /* Predict.swift */; };
		ACF05F66292C07D9006043B5 /* PredictBallTabBar.swift in Sources */ = {isa = PBXBuildFile; fileRef = ACF05F65292C07D9006043B5 /* PredictBallTabBar.swift */; };
		ACF05F68292C131A006043B5 /* SecondTrickViewController.swift in Sources */ = {isa = PBXBuildFile; fileRef = ACF05F67292C131A006043B5 /* SecondTrickViewController.swift */; };
		ACF05F6A292C1331006043B5 /* SecondTrickResultViewController.swift in Sources */ = {isa = PBXBuildFile; fileRef = ACF05F69292C1331006043B5 /* SecondTrickResultViewController.swift */; };
		ACF8C3F3292A404A00C28D91 /* MagicianListViewController.swift in Sources */ = {isa = PBXBuildFile; fileRef = ACF8C3F2292A404A00C28D91 /* MagicianListViewController.swift */; };
		ACF8C3F5292A406300C28D91 /* MagicianDetailsViewController.swift in Sources */ = {isa = PBXBuildFile; fileRef = ACF8C3F4292A406300C28D91 /* MagicianDetailsViewController.swift */; };
		ACF8C3F7292A4C7A00C28D91 /* Magician.swift in Sources */ = {isa = PBXBuildFile; fileRef = ACF8C3F6292A4C7A00C28D91 /* Magician.swift */; };
/* End PBXBuildFile section */

/* Begin PBXFileReference section */
		AC646305292A683E009930C6 /* FirstTrickViewController.swift */ = {isa = PBXFileReference; lastKnownFileType = sourcecode.swift; path = FirstTrickViewController.swift; sourceTree = "<group>"; };
		AC646307292A685A009930C6 /* FirstTrickResultViewController.swift */ = {isa = PBXFileReference; lastKnownFileType = sourcecode.swift; path = FirstTrickResultViewController.swift; sourceTree = "<group>"; };
		AC646309292A6869009930C6 /* Questions.swift */ = {isa = PBXFileReference; lastKnownFileType = sourcecode.swift; path = Questions.swift; sourceTree = "<group>"; };
		AC64630B292A81CE009930C6 /* MagicTricksViewController.swift */ = {isa = PBXFileReference; lastKnownFileType = sourcecode.swift; path = MagicTricksViewController.swift; sourceTree = "<group>"; };
		AC85B0C1292BF1270040474B /* Gif.swift */ = {isa = PBXFileReference; lastKnownFileType = sourcecode.swift; path = Gif.swift; sourceTree = "<group>"; };
		AC85B0C5292BF2120040474B /* PredictBallViewController.swift */ = {isa = PBXFileReference; lastKnownFileType = sourcecode.swift; path = PredictBallViewController.swift; sourceTree = "<group>"; };
		AC85B0C7292BF4380040474B /* ball.gif */ = {isa = PBXFileReference; lastKnownFileType = image.gif; name = ball.gif; path = "../../../../../David'sApp/David'sApp/Assets.xcassets/shar.dataset/ball.gif"; sourceTree = "<group>"; };
		AC976E43292A27360004E93F /* MagicApp.app */ = {isa = PBXFileReference; explicitFileType = wrapper.application; includeInIndex = 0; path = MagicApp.app; sourceTree = BUILT_PRODUCTS_DIR; };
		AC976E46292A27360004E93F /* AppDelegate.swift */ = {isa = PBXFileReference; lastKnownFileType = sourcecode.swift; path = AppDelegate.swift; sourceTree = "<group>"; };
		AC976E48292A27360004E93F /* SceneDelegate.swift */ = {isa = PBXFileReference; lastKnownFileType = sourcecode.swift; path = SceneDelegate.swift; sourceTree = "<group>"; };
		AC976E4A292A27360004E93F /* StartViewController.swift */ = {isa = PBXFileReference; lastKnownFileType = sourcecode.swift; path = StartViewController.swift; sourceTree = "<group>"; };
		AC976E4D292A27360004E93F /* Base */ = {isa = PBXFileReference; lastKnownFileType = file.storyboard; name = Base; path = Base.lproj/Main.storyboard; sourceTree = "<group>"; };
		AC976E4F292A27380004E93F /* Assets.xcassets */ = {isa = PBXFileReference; lastKnownFileType = folder.assetcatalog; path = Assets.xcassets; sourceTree = "<group>"; };
		AC976E52292A27380004E93F /* Base */ = {isa = PBXFileReference; lastKnownFileType = file.storyboard; name = Base; path = Base.lproj/LaunchScreen.storyboard; sourceTree = "<group>"; };
		AC976E54292A27380004E93F /* Info.plist */ = {isa = PBXFileReference; lastKnownFileType = text.plist.xml; path = Info.plist; sourceTree = "<group>"; };
		AC976E5A292A33B00004E93F /* LoginViewController.swift */ = {isa = PBXFileReference; lastKnownFileType = sourcecode.swift; path = LoginViewController.swift; sourceTree = "<group>"; };
		AC976E5C292A33FB0004E93F /* WelcomeViewController.swift */ = {isa = PBXFileReference; lastKnownFileType = sourcecode.swift; path = WelcomeViewController.swift; sourceTree = "<group>"; };
		AC976E5E292A34A00004E93F /* User.swift */ = {isa = PBXFileReference; lastKnownFileType = sourcecode.swift; path = User.swift; sourceTree = "<group>"; };
		AC976E60292A34E70004E93F /* InformationViewController.swift */ = {isa = PBXFileReference; lastKnownFileType = sourcecode.swift; path = InformationViewController.swift; sourceTree = "<group>"; };
		ACF05F63292BFF14006043B5 /* Predict.swift */ = {isa = PBXFileReference; lastKnownFileType = sourcecode.swift; path = Predict.swift; sourceTree = "<group>"; };
		ACF05F65292C07D9006043B5 /* PredictBallTabBar.swift */ = {isa = PBXFileReference; lastKnownFileType = sourcecode.swift; path = PredictBallTabBar.swift; sourceTree = "<group>"; };
		ACF05F67292C131A006043B5 /* SecondTrickViewController.swift */ = {isa = PBXFileReference; lastKnownFileType = sourcecode.swift; path = SecondTrickViewController.swift; sourceTree = "<group>"; };
		ACF05F69292C1331006043B5 /* SecondTrickResultViewController.swift */ = {isa = PBXFileReference; lastKnownFileType = sourcecode.swift; path = SecondTrickResultViewController.swift; sourceTree = "<group>"; };
		ACF8C3F2292A404A00C28D91 /* MagicianListViewController.swift */ = {isa = PBXFileReference; lastKnownFileType = sourcecode.swift; path = MagicianListViewController.swift; sourceTree = "<group>"; };
		ACF8C3F4292A406300C28D91 /* MagicianDetailsViewController.swift */ = {isa = PBXFileReference; lastKnownFileType = sourcecode.swift; path = MagicianDetailsViewController.swift; sourceTree = "<group>"; };
		ACF8C3F6292A4C7A00C28D91 /* Magician.swift */ = {isa = PBXFileReference; lastKnownFileType = sourcecode.swift; path = Magician.swift; sourceTree = "<group>"; };
/* End PBXFileReference section */

/* Begin PBXFrameworksBuildPhase section */
		AC976E40292A27360004E93F /* Frameworks */ = {
			isa = PBXFrameworksBuildPhase;
			buildActionMask = 2147483647;
			files = (
			);
			runOnlyForDeploymentPostprocessing = 0;
		};
/* End PBXFrameworksBuildPhase section */

/* Begin PBXGroup section */
		AC976E3A292A27360004E93F = {
			isa = PBXGroup;
			children = (
				AC976E45292A27360004E93F /* MagicApp */,
				AC976E44292A27360004E93F /* Products */,
			);
			sourceTree = "<group>";
		};
		AC976E44292A27360004E93F /* Products */ = {
			isa = PBXGroup;
			children = (
				AC976E43292A27360004E93F /* MagicApp.app */,
			);
			name = Products;
			sourceTree = "<group>";
		};
		AC976E45292A27360004E93F /* MagicApp */ = {
			isa = PBXGroup;
			children = (
				AC976E65292A358F0004E93F /* Models */,
				AC976E67292A35B30004E93F /* StoryBoards */,
				AC976E64292A35690004E93F /* ViewControllers */,
				AC976E66292A35A50004E93F /* Resources */,
				AC976E68292A35D70004E93F /* App */,
			);
			path = MagicApp;
			sourceTree = "<group>";
		};
		AC976E64292A35690004E93F /* ViewControllers */ = {
			isa = PBXGroup;
			children = (
				AC976E4A292A27360004E93F /* StartViewController.swift */,
				AC976E5A292A33B00004E93F /* LoginViewController.swift */,
				AC976E5C292A33FB0004E93F /* WelcomeViewController.swift */,
				ACF05F6B292C16A5006043B5 /* TableView */,
				ACF05F6C292C170E006043B5 /* PredictBall */,
				ACF05F6D292C1731006043B5 /* Tricks */,
				AC976E60292A34E70004E93F /* InformationViewController.swift */,
				AC85B0C1292BF1270040474B /* Gif.swift */,
			);
			path = ViewControllers;
			sourceTree = "<group>";
		};
		AC976E65292A358F0004E93F /* Models */ = {
			isa = PBXGroup;
			children = (
				ACF8C3F6292A4C7A00C28D91 /* Magician.swift */,
				AC646309292A6869009930C6 /* Questions.swift */,
				AC976E5E292A34A00004E93F /* User.swift */,
				ACF05F63292BFF14006043B5 /* Predict.swift */,
			);
			path = Models;
			sourceTree = "<group>";
		};
		AC976E66292A35A50004E93F /* Resources */ = {
			isa = PBXGroup;
			children = (
				AC976E4F292A27380004E93F /* Assets.xcassets */,
				AC85B0C7292BF4380040474B /* ball.gif */,
			);
			path = Resources;
			sourceTree = "<group>";
		};
		AC976E67292A35B30004E93F /* StoryBoards */ = {
			isa = PBXGroup;
			children = (
				AC976E51292A27380004E93F /* LaunchScreen.storyboard */,
				AC976E4C292A27360004E93F /* Main.storyboard */,
			);
			path = StoryBoards;
			sourceTree = "<group>";
		};
		AC976E68292A35D70004E93F /* App */ = {
			isa = PBXGroup;
			children = (
				AC976E46292A27360004E93F /* AppDelegate.swift */,
				AC976E48292A27360004E93F /* SceneDelegate.swift */,
				AC976E54292A27380004E93F /* Info.plist */,
			);
			path = App;
			sourceTree = "<group>";
		};
		ACF05F6B292C16A5006043B5 /* TableView */ = {
			isa = PBXGroup;
			children = (
				ACF8C3F2292A404A00C28D91 /* MagicianListViewController.swift */,
				ACF8C3F4292A406300C28D91 /* MagicianDetailsViewController.swift */,
			);
			path = TableView;
			sourceTree = "<group>";
		};
		ACF05F6C292C170E006043B5 /* PredictBall */ = {
			isa = PBXGroup;
			children = (
				AC85B0C5292BF2120040474B /* PredictBallViewController.swift */,
				ACF05F65292C07D9006043B5 /* PredictBallTabBar.swift */,
			);
			path = PredictBall;
			sourceTree = "<group>";
		};
		ACF05F6D292C1731006043B5 /* Tricks */ = {
			isa = PBXGroup;
			children = (
				AC64630B292A81CE009930C6 /* MagicTricksViewController.swift */,
				AC646305292A683E009930C6 /* FirstTrickViewController.swift */,
				AC646307292A685A009930C6 /* FirstTrickResultViewController.swift */,
				ACF05F67292C131A006043B5 /* SecondTrickViewController.swift */,
				ACF05F69292C1331006043B5 /* SecondTrickResultViewController.swift */,
			);
			path = Tricks;
			sourceTree = "<group>";
		};
/* End PBXGroup section */

/* Begin PBXNativeTarget section */
		AC976E42292A27360004E93F /* MagicApp */ = {
			isa = PBXNativeTarget;
			buildConfigurationList = AC976E57292A27380004E93F /* Build configuration list for PBXNativeTarget "MagicApp" */;
			buildPhases = (
				AC976E3F292A27360004E93F /* Sources */,
				AC976E40292A27360004E93F /* Frameworks */,
				AC976E41292A27360004E93F /* Resources */,
			);
			buildRules = (
			);
			dependencies = (
			);
			name = MagicApp;
			productName = MagicApp;
			productReference = AC976E43292A27360004E93F /* MagicApp.app */;
			productType = "com.apple.product-type.application";
		};
/* End PBXNativeTarget section */

/* Begin PBXProject section */
		AC976E3B292A27360004E93F /* Project object */ = {
			isa = PBXProject;
			attributes = {
				BuildIndependentTargetsInParallel = 1;
				LastSwiftUpdateCheck = 1400;
				LastUpgradeCheck = 1400;
				TargetAttributes = {
					AC976E42292A27360004E93F = {
						CreatedOnToolsVersion = 14.0.1;
					};
				};
			};
			buildConfigurationList = AC976E3E292A27360004E93F /* Build configuration list for PBXProject "MagicApp" */;
			compatibilityVersion = "Xcode 14.0";
			developmentRegion = en;
			hasScannedForEncodings = 0;
			knownRegions = (
				en,
				Base,
			);
			mainGroup = AC976E3A292A27360004E93F;
			productRefGroup = AC976E44292A27360004E93F /* Products */;
			projectDirPath = "";
			projectRoot = "";
			targets = (
				AC976E42292A27360004E93F /* MagicApp */,
			);
		};
/* End PBXProject section */

/* Begin PBXResourcesBuildPhase section */
		AC976E41292A27360004E93F /* Resources */ = {
			isa = PBXResourcesBuildPhase;
			buildActionMask = 2147483647;
			files = (
				AC976E53292A27380004E93F /* LaunchScreen.storyboard in Resources */,
				AC976E50292A27380004E93F /* Assets.xcassets in Resources */,
				AC85B0C8292BF4380040474B /* ball.gif in Resources */,
				AC976E4E292A27360004E93F /* Main.storyboard in Resources */,
			);
			runOnlyForDeploymentPostprocessing = 0;
		};
/* End PBXResourcesBuildPhase section */

/* Begin PBXSourcesBuildPhase section */
		AC976E3F292A27360004E93F /* Sources */ = {
			isa = PBXSourcesBuildPhase;
			buildActionMask = 2147483647;
			files = (
				AC646308292A685A009930C6 /* FirstTrickResultViewController.swift in Sources */,
				AC976E5B292A33B00004E93F /* LoginViewController.swift in Sources */,
				ACF05F66292C07D9006043B5 /* PredictBallTabBar.swift in Sources */,
				ACF05F6A292C1331006043B5 /* SecondTrickResultViewController.swift in Sources */,
				ACF8C3F3292A404A00C28D91 /* MagicianListViewController.swift in Sources */,
				AC64630A292A6869009930C6 /* Questions.swift in Sources */,
				AC976E5D292A33FB0004E93F /* WelcomeViewController.swift in Sources */,
				AC976E61292A34E70004E93F /* InformationViewController.swift in Sources */,
				AC976E5F292A34A00004E93F /* User.swift in Sources */,
				ACF05F64292BFF14006043B5 /* Predict.swift in Sources */,
				ACF05F68292C131A006043B5 /* SecondTrickViewController.swift in Sources */,
				AC976E4B292A27360004E93F /* StartViewController.swift in Sources */,
				AC64630C292A81CE009930C6 /* MagicTricksViewController.swift in Sources */,
				AC85B0C6292BF2120040474B /* PredictBallViewController.swift in Sources */,
				ACF8C3F5292A406300C28D91 /* MagicianDetailsViewController.swift in Sources */,
				AC85B0C2292BF1270040474B /* Gif.swift in Sources */,
				AC976E47292A27360004E93F /* AppDelegate.swift in Sources */,
				AC646306292A683E009930C6 /* FirstTrickViewController.swift in Sources */,
				ACF8C3F7292A4C7A00C28D91 /* Magician.swift in Sources */,
				AC976E49292A27360004E93F /* SceneDelegate.swift in Sources */,
			);
			runOnlyForDeploymentPostprocessing = 0;
		};
/* End PBXSourcesBuildPhase section */

/* Begin PBXVariantGroup section */
		AC976E4C292A27360004E93F /* Main.storyboard */ = {
			isa = PBXVariantGroup;
			children = (
				AC976E4D292A27360004E93F /* Base */,
			);
			name = Main.storyboard;
			sourceTree = "<group>";
		};
		AC976E51292A27380004E93F /* LaunchScreen.storyboard */ = {
			isa = PBXVariantGroup;
			children = (
				AC976E52292A27380004E93F /* Base */,
			);
			name = LaunchScreen.storyboard;
			sourceTree = "<group>";
		};
/* End PBXVariantGroup section */

/* Begin XCBuildConfiguration section */
		AC976E55292A27380004E93F /* Debug */ = {
			isa = XCBuildConfiguration;
			buildSettings = {
				ALWAYS_SEARCH_USER_PATHS = NO;
				CLANG_ANALYZER_NONNULL = YES;
				CLANG_ANALYZER_NUMBER_OBJECT_CONVERSION = YES_AGGRESSIVE;
				CLANG_CXX_LANGUAGE_STANDARD = "gnu++20";
				CLANG_ENABLE_MODULES = YES;
				CLANG_ENABLE_OBJC_ARC = YES;
				CLANG_ENABLE_OBJC_WEAK = YES;
				CLANG_WARN_BLOCK_CAPTURE_AUTORELEASING = YES;
				CLANG_WARN_BOOL_CONVERSION = YES;
				CLANG_WARN_COMMA = YES;
				CLANG_WARN_CONSTANT_CONVERSION = YES;
				CLANG_WARN_DEPRECATED_OBJC_IMPLEMENTATIONS = YES;
				CLANG_WARN_DIRECT_OBJC_ISA_USAGE = YES_ERROR;
				CLANG_WARN_DOCUMENTATION_COMMENTS = YES;
				CLANG_WARN_EMPTY_BODY = YES;
				CLANG_WARN_ENUM_CONVERSION = YES;
				CLANG_WARN_INFINITE_RECURSION = YES;
				CLANG_WARN_INT_CONVERSION = YES;
				CLANG_WARN_NON_LITERAL_NULL_CONVERSION = YES;
				CLANG_WARN_OBJC_IMPLICIT_RETAIN_SELF = YES;
				CLANG_WARN_OBJC_LITERAL_CONVERSION = YES;
				CLANG_WARN_OBJC_ROOT_CLASS = YES_ERROR;
				CLANG_WARN_QUOTED_INCLUDE_IN_FRAMEWORK_HEADER = YES;
				CLANG_WARN_RANGE_LOOP_ANALYSIS = YES;
				CLANG_WARN_STRICT_PROTOTYPES = YES;
				CLANG_WARN_SUSPICIOUS_MOVE = YES;
				CLANG_WARN_UNGUARDED_AVAILABILITY = YES_AGGRESSIVE;
				CLANG_WARN_UNREACHABLE_CODE = YES;
				CLANG_WARN__DUPLICATE_METHOD_MATCH = YES;
				COPY_PHASE_STRIP = NO;
				DEBUG_INFORMATION_FORMAT = dwarf;
				ENABLE_STRICT_OBJC_MSGSEND = YES;
				ENABLE_TESTABILITY = YES;
				GCC_C_LANGUAGE_STANDARD = gnu11;
				GCC_DYNAMIC_NO_PIC = NO;
				GCC_NO_COMMON_BLOCKS = YES;
				GCC_OPTIMIZATION_LEVEL = 0;
				GCC_PREPROCESSOR_DEFINITIONS = (
					"DEBUG=1",
					"$(inherited)",
				);
				GCC_WARN_64_TO_32_BIT_CONVERSION = YES;
				GCC_WARN_ABOUT_RETURN_TYPE = YES_ERROR;
				GCC_WARN_UNDECLARED_SELECTOR = YES;
				GCC_WARN_UNINITIALIZED_AUTOS = YES_AGGRESSIVE;
				GCC_WARN_UNUSED_FUNCTION = YES;
				GCC_WARN_UNUSED_VARIABLE = YES;
				IPHONEOS_DEPLOYMENT_TARGET = 16.0;
				MTL_ENABLE_DEBUG_INFO = INCLUDE_SOURCE;
				MTL_FAST_MATH = YES;
				ONLY_ACTIVE_ARCH = YES;
				SDKROOT = iphoneos;
				SWIFT_ACTIVE_COMPILATION_CONDITIONS = DEBUG;
				SWIFT_OPTIMIZATION_LEVEL = "-Onone";
			};
			name = Debug;
		};
		AC976E56292A27380004E93F /* Release */ = {
			isa = XCBuildConfiguration;
			buildSettings = {
				ALWAYS_SEARCH_USER_PATHS = NO;
				CLANG_ANALYZER_NONNULL = YES;
				CLANG_ANALYZER_NUMBER_OBJECT_CONVERSION = YES_AGGRESSIVE;
				CLANG_CXX_LANGUAGE_STANDARD = "gnu++20";
				CLANG_ENABLE_MODULES = YES;
				CLANG_ENABLE_OBJC_ARC = YES;
				CLANG_ENABLE_OBJC_WEAK = YES;
				CLANG_WARN_BLOCK_CAPTURE_AUTORELEASING = YES;
				CLANG_WARN_BOOL_CONVERSION = YES;
				CLANG_WARN_COMMA = YES;
				CLANG_WARN_CONSTANT_CONVERSION = YES;
				CLANG_WARN_DEPRECATED_OBJC_IMPLEMENTATIONS = YES;
				CLANG_WARN_DIRECT_OBJC_ISA_USAGE = YES_ERROR;
				CLANG_WARN_DOCUMENTATION_COMMENTS = YES;
				CLANG_WARN_EMPTY_BODY = YES;
				CLANG_WARN_ENUM_CONVERSION = YES;
				CLANG_WARN_INFINITE_RECURSION = YES;
				CLANG_WARN_INT_CONVERSION = YES;
				CLANG_WARN_NON_LITERAL_NULL_CONVERSION = YES;
				CLANG_WARN_OBJC_IMPLICIT_RETAIN_SELF = YES;
				CLANG_WARN_OBJC_LITERAL_CONVERSION = YES;
				CLANG_WARN_OBJC_ROOT_CLASS = YES_ERROR;
				CLANG_WARN_QUOTED_INCLUDE_IN_FRAMEWORK_HEADER = YES;
				CLANG_WARN_RANGE_LOOP_ANALYSIS = YES;
				CLANG_WARN_STRICT_PROTOTYPES = YES;
				CLANG_WARN_SUSPICIOUS_MOVE = YES;
				CLANG_WARN_UNGUARDED_AVAILABILITY = YES_AGGRESSIVE;
				CLANG_WARN_UNREACHABLE_CODE = YES;
				CLANG_WARN__DUPLICATE_METHOD_MATCH = YES;
				COPY_PHASE_STRIP = NO;
				DEBUG_INFORMATION_FORMAT = "dwarf-with-dsym";
				ENABLE_NS_ASSERTIONS = NO;
				ENABLE_STRICT_OBJC_MSGSEND = YES;
				GCC_C_LANGUAGE_STANDARD = gnu11;
				GCC_NO_COMMON_BLOCKS = YES;
				GCC_WARN_64_TO_32_BIT_CONVERSION = YES;
				GCC_WARN_ABOUT_RETURN_TYPE = YES_ERROR;
				GCC_WARN_UNDECLARED_SELECTOR = YES;
				GCC_WARN_UNINITIALIZED_AUTOS = YES_AGGRESSIVE;
				GCC_WARN_UNUSED_FUNCTION = YES;
				GCC_WARN_UNUSED_VARIABLE = YES;
				IPHONEOS_DEPLOYMENT_TARGET = 16.0;
				MTL_ENABLE_DEBUG_INFO = NO;
				MTL_FAST_MATH = YES;
				SDKROOT = iphoneos;
				SWIFT_COMPILATION_MODE = wholemodule;
				SWIFT_OPTIMIZATION_LEVEL = "-O";
				VALIDATE_PRODUCT = YES;
			};
			name = Release;
		};
		AC976E58292A27380004E93F /* Debug */ = {
			isa = XCBuildConfiguration;
			buildSettings = {
				ASSETCATALOG_COMPILER_APPICON_NAME = AppIcon;
				ASSETCATALOG_COMPILER_GLOBAL_ACCENT_COLOR_NAME = AccentColor;
				CODE_SIGN_STYLE = Automatic;
				CURRENT_PROJECT_VERSION = 1;
				GENERATE_INFOPLIST_FILE = YES;
				INFOPLIST_FILE = MagicApp/App/Info.plist;
				INFOPLIST_KEY_UIApplicationSupportsIndirectInputEvents = YES;
				INFOPLIST_KEY_UILaunchStoryboardName = LaunchScreen;
				INFOPLIST_KEY_UIMainStoryboardFile = Main;
				INFOPLIST_KEY_UISupportedInterfaceOrientations = UIInterfaceOrientationPortrait;
				INFOPLIST_KEY_UISupportedInterfaceOrientations_iPad = "UIInterfaceOrientationLandscapeLeft UIInterfaceOrientationLandscapeRight UIInterfaceOrientationPortrait UIInterfaceOrientationPortraitUpsideDown";
				LD_RUNPATH_SEARCH_PATHS = (
					"$(inherited)",
					"@executable_path/Frameworks",
				);
				MARKETING_VERSION = 1.0;
				PRODUCT_BUNDLE_IDENTIFIER = DenisKukushkin.MagicApp;
				PRODUCT_NAME = "$(TARGET_NAME)";
				SUPPORTED_PLATFORMS = "iphoneos iphonesimulator";
				SUPPORTS_MACCATALYST = NO;
				SUPPORTS_MAC_DESIGNED_FOR_IPHONE_IPAD = NO;
				SWIFT_EMIT_LOC_STRINGS = YES;
				SWIFT_VERSION = 5.0;
				TARGETED_DEVICE_FAMILY = 1;
			};
			name = Debug;
		};
		AC976E59292A27380004E93F /* Release */ = {
			isa = XCBuildConfiguration;
			buildSettings = {
				ASSETCATALOG_COMPILER_APPICON_NAME = AppIcon;
				ASSETCATALOG_COMPILER_GLOBAL_ACCENT_COLOR_NAME = AccentColor;
				CODE_SIGN_STYLE = Automatic;
				CURRENT_PROJECT_VERSION = 1;
				GENERATE_INFOPLIST_FILE = YES;
				INFOPLIST_FILE = MagicApp/App/Info.plist;
				INFOPLIST_KEY_UIApplicationSupportsIndirectInputEvents = YES;
				INFOPLIST_KEY_UILaunchStoryboardName = LaunchScreen;
				INFOPLIST_KEY_UIMainStoryboardFile = Main;
				INFOPLIST_KEY_UISupportedInterfaceOrientations = UIInterfaceOrientationPortrait;
				INFOPLIST_KEY_UISupportedInterfaceOrientations_iPad = "UIInterfaceOrientationLandscapeLeft UIInterfaceOrientationLandscapeRight UIInterfaceOrientationPortrait UIInterfaceOrientationPortraitUpsideDown";
				LD_RUNPATH_SEARCH_PATHS = (
					"$(inherited)",
					"@executable_path/Frameworks",
				);
				MARKETING_VERSION = 1.0;
				PRODUCT_BUNDLE_IDENTIFIER = DenisKukushkin.MagicApp;
				PRODUCT_NAME = "$(TARGET_NAME)";
				SUPPORTED_PLATFORMS = "iphoneos iphonesimulator";
				SUPPORTS_MACCATALYST = NO;
				SUPPORTS_MAC_DESIGNED_FOR_IPHONE_IPAD = NO;
				SWIFT_EMIT_LOC_STRINGS = YES;
				SWIFT_VERSION = 5.0;
				TARGETED_DEVICE_FAMILY = 1;
			};
			name = Release;
		};
/* End XCBuildConfiguration section */

/* Begin XCConfigurationList section */
		AC976E3E292A27360004E93F /* Build configuration list for PBXProject "MagicApp" */ = {
			isa = XCConfigurationList;
			buildConfigurations = (
				AC976E55292A27380004E93F /* Debug */,
				AC976E56292A27380004E93F /* Release */,
			);
			defaultConfigurationIsVisible = 0;
			defaultConfigurationName = Release;
		};
		AC976E57292A27380004E93F /* Build configuration list for PBXNativeTarget "MagicApp" */ = {
			isa = XCConfigurationList;
			buildConfigurations = (
				AC976E58292A27380004E93F /* Debug */,
				AC976E59292A27380004E93F /* Release */,
			);
			defaultConfigurationIsVisible = 0;
			defaultConfigurationName = Release;
		};
/* End XCConfigurationList section */
	};
	rootObject = AC976E3B292A27360004E93F /* Project object */;
}
